
Microsoft Visual Studio Solution File, Format Version 12.00
# Visual Studio Version 16
VisualStudioVersion = 16.0.31112.23
MinimumVisualStudioVersion = 10.0.40219.1
Project("{FAE04EC0-301F-11D3-BF4B-00C04F79EFBC}") = "StudyEchoBot", "StudyEchoBot\StudyEchoBot.csproj", "{818B69BA-55B4-441D-80A0-1C16D353FF29}"
EndProject
Global
	GlobalSection(SolutionConfigurationPlatforms) = preSolution
		Debug|Any CPU = Debug|Any CPU
		Release|Any CPU = Release|Any CPU
	EndGlobalSection
	GlobalSection(ProjectConfigurationPlatforms) = postSolution
		{818B69BA-55B4-441D-80A0-1C16D353FF29}.Debug|Any CPU.ActiveCfg = Debug|Any CPU
		{818B69BA-55B4-441D-80A0-1C16D353FF29}.Debug|Any CPU.Build.0 = Debug|Any CPU
		{818B69BA-55B4-441D-80A0-1C16D353FF29}.Release|Any CPU.ActiveCfg = Release|Any CPU
		{818B69BA-55B4-441D-80A0-1C16D353FF29}.Release|Any CPU.Build.0 = Release|Any CPU
	EndGlobalSection
	GlobalSection(SolutionProperties) = preSolution
		HideSolutionNode = FALSE
	EndGlobalSection
	GlobalSection(ExtensibilityGlobals) = postSolution
		SolutionGuid = {A68DF489-6296-4E3D-ACBC-02933CD338B8}
	EndGlobalSection
EndGlobal
